{
    "_readme": [
        "This file locks the dependencies of your project to a known state",
        "Read more about it at https://getcomposer.org/doc/01-basic-usage.md#composer-lock-the-lock-file",
        "This file is @generated automatically"
    ],
    "content-hash": "9dff7fb31942dfa5391d88cb27feb371",
    "packages": [
        {
            "name": "gum/gum",
            "version": "0.2.3",
            "source": {
                "type": "git",
                "url": "https://github.com/staydecent/Gum.git",
                "reference": "f53b6131a12a41846c5ca7d2246280ffab9b0038"
            },
            "dist": {
                "type": "zip",
                "url": "https://api.github.com/repos/staydecent/Gum/zipball/f53b6131a12a41846c5ca7d2246280ffab9b0038",
                "reference": "f53b6131a12a41846c5ca7d2246280ffab9b0038",
                "shasum": ""
            },
            "type": "library",
            "autoload": {
                "psr-0": {
                    "Gum": "src"
                }
            },
            "notification-url": "https://packagist.org/downloads/",
            "license": [
                "Public Domain"
            ],
            "authors": [
                {
                    "name": "Adrian Unger",
                    "email": "dev@staydecent.ca",
                    "homepage": "http://staydecent.ca"
                }
            ],
            "description": "Map URLs to callbacks.",
            "homepage": "https://github.com/staydecent/Gum",
            "keywords": [
                "map",
                "microframework",
                "router",
                "routing"
            ],
            "time": "2016-01-20T00:06:23+00:00"
        }
    ],
    "packages-dev": [],
    "aliases": [],
    "minimum-stability": "stable",
    "stability-flags": [],
    "prefer-stable": false,
    "prefer-lowest": false,
    "platform": [],
    "platform-dev": []
}
